Microsoft Visual Studio Solution File, Format Version 12.00
# Visual Studio Version 17
VisualStudioVersion = 17.5.2.0
MinimumVisualStudioVersion = 10.0.40219.1
Project("{FAE04EC0-301F-11D3-BF4B-00C04F79EFBC}") = "Echelon.Bot", "Echelon.Bot.csproj", "{2F9950F9-86FA-554E-E89F-0DE87AE23907}"
EndProject
Global
	GlobalSection(SolutionConfigurationPlatforms) = preSolution
		Debug|Any CPU = Debug|Any CPU
		Release|Any CPU = Release|Any CPU
	EndGlobalSection
	GlobalSection(ProjectConfigurationPlatforms) = postSolution
		{2F9950F9-86FA-554E-E89F-0DE87AE23907}.Debug|Any CPU.ActiveCfg = Debug|Any CPU
		{2F9950F9-86FA-554E-E89F-0DE87AE23907}.Debug|Any CPU.Build.0 = Debug|Any CPU
		{2F9950F9-86FA-554E-E89F-0DE87AE23907}.Release|Any CPU.ActiveCfg = Release|Any CPU
		{2F9950F9-86FA-554E-E89F-0DE87AE23907}.Release|Any CPU.Build.0 = Release|Any CPU
	EndGlobalSection
	GlobalSection(SolutionProperties) = preSolution
		HideSolutionNode = FALSE
	EndGlobalSection
	GlobalSection(ExtensibilityGlobals) = postSolution
		SolutionGuid = {EEA182E3-0082-489F-8F4E-D382848F2E9E}
	EndGlobalSection
EndGlobal
